
Microsoft Visual Studio Solution File, Format Version 12.00
# Visual Studio Version 17
VisualStudioVersion = 17.9.34607.119
MinimumVisualStudioVersion = 10.0.40219.1
Project("{FAE04EC0-301F-11D3-BF4B-00C04F79EFBC}") = "DBChecher", "DBChecher\DBChecher.csproj", "{3595622E-CD0F-48D4-AAAA-EABB91A203F0}"
EndProject
Global
	GlobalSection(SolutionConfigurationPlatforms) = preSolution
		Debug|Any CPU = Debug|Any CPU
		Release|Any CPU = Release|Any CPU
	EndGlobalSection
	GlobalSection(ProjectConfigurationPlatforms) = postSolution
		{3595622E-CD0F-48D4-AAAA-EABB91A203F0}.Debug|Any CPU.ActiveCfg = Debug|Any CPU
		{3595622E-CD0F-48D4-AAAA-EABB91A203F0}.Debug|Any CPU.Build.0 = Debug|Any CPU
		{3595622E-CD0F-48D4-AAAA-EABB91A203F0}.Release|Any CPU.ActiveCfg = Release|Any CPU
		{3595622E-CD0F-48D4-AAAA-EABB91A203F0}.Release|Any CPU.Build.0 = Release|Any CPU
	EndGlobalSection
	GlobalSection(SolutionProperties) = preSolution
		HideSolutionNode = FALSE
	EndGlobalSection
	GlobalSection(ExtensibilityGlobals) = postSolution
		SolutionGuid = {D00554EA-B43A-4128-BBB8-CD549DEC26B6}
	EndGlobalSection
EndGlobal
